// !$*UTF8*$!
{
	archiveVersion = 1;
	classes = {
	};
	objectVersion = 77;
	objects = {

/* Begin PBXBuildFile section */
		DA1990B92EAD7F1700514450 /* KeychainManager in Frameworks */ = {isa = PBXBuildFile; productRef = DA1990B82EAD7F1700514450 /* KeychainManager */; };
		DA2234342E09811A00C37435 /* AppIcon.icon in Resources */ = {isa = PBXBuildFile; fileRef = DA2234332E09811A00C37435 /* AppIcon.icon */; };
		DA3A195F2DF77AB100C5590F /* KeychainManager in Frameworks */ = {isa = PBXBuildFile; productRef = DA3A195E2DF77AB100C5590F /* KeychainManager */; };
		DA9015A02E85D7D200504662 /* Localizable.xcstrings in Resources */ = {isa = PBXBuildFile; fileRef = DA90159F2E85D7D200504662 /* Localizable.xcstrings */; };
/* End PBXBuildFile section */

/* Begin PBXContainerItemProxy section */
		DA3A18CB2DF76FF400C5590F /* PBXContainerItemProxy */ = {
			isa = PBXContainerItemProxy;
			containerPortal = DA3A18B42DF76FF200C5590F /* Project object */;
			proxyType = 1;
			remoteGlobalIDString = DA3A18BB2DF76FF200C5590F;
			remoteInfo = CardSafe;
		};
		DA3A18D52DF76FF400C5590F /* PBXContainerItemProxy */ = {
			isa = PBXContainerItemProxy;
			containerPortal = DA3A18B42DF76FF200C5590F /* Project object */;
			proxyType = 1;
			remoteGlobalIDString = DA3A18BB2DF76FF200C5590F;
			remoteInfo = CardSafe;
		};
/* End PBXContainerItemProxy section */

/* Begin PBXFileReference section */
		DA2234332E09811A00C37435 /* AppIcon.icon */ = {isa = PBXFileReference; lastKnownFileType = folder.iconcomposer.icon; path = AppIcon.icon; sourceTree = "<group>"; };
		DA3A18BC2DF76FF200C5590F /* CardSafe.app */ = {isa = PBXFileReference; explicitFileType = wrapper.application; includeInIndex = 0; path = CardSafe.app; sourceTree = BUILT_PRODUCTS_DIR; };
		DA3A18CA2DF76FF400C5590F /* CardSafeTests.xctest */ = {isa = PBXFileReference; explicitFileType = wrapper.cfbundle; includeInIndex = 0; path = CardSafeTests.xctest; sourceTree = BUILT_PRODUCTS_DIR; };
		DA3A18D42DF76FF400C5590F /* CardSafeUITests.xctest */ = {isa = PBXFileReference; explicitFileType = wrapper.cfbundle; includeInIndex = 0; path = CardSafeUITests.xctest; sourceTree = BUILT_PRODUCTS_DIR; };
		DA90159F2E85D7D200504662 /* Localizable.xcstrings */ = {isa = PBXFileReference; lastKnownFileType = text.json.xcstrings; path = Localizable.xcstrings; sourceTree = "<group>"; };
/* End PBXFileReference section */

/* Begin PBXFileSystemSynchronizedRootGroup section */
		DA3A18BE2DF76FF200C5590F /* CardSafe */ = {
			isa = PBXFileSystemSynchronizedRootGroup;
			path = CardSafe;
			sourceTree = "<group>";
		};
		DA3A18CD2DF76FF400C5590F /* CardSafeTests */ = {
			isa = PBXFileSystemSynchronizedRootGroup;
			path = CardSafeTests;
			sourceTree = "<group>";
		};
		DA3A18D72DF76FF400C5590F /* CardSafeUITests */ = {
			isa = PBXFileSystemSynchronizedRootGroup;
			path = CardSafeUITests;
			sourceTree = "<group>";
		};
/* End PBXFileSystemSynchronizedRootGroup section */

/* Begin PBXFrameworksBuildPhase section */
		DA3A18B92DF76FF200C5590F /* Frameworks */ = {
			isa = PBXFrameworksBuildPhase;
			buildActionMask = 2147483647;
			files = (
				DA1990B92EAD7F1700514450 /* KeychainManager in Frameworks */,
				DA3A195F2DF77AB100C5590F /* KeychainManager in Frameworks */,
			);
			runOnlyForDeploymentPostprocessing = 0;
		};
		DA3A18C72DF76FF400C5590F /* Frameworks */ = {
			isa = PBXFrameworksBuildPhase;
			buildActionMask = 2147483647;
			files = (
			);
			runOnlyForDeploymentPostprocessing = 0;
		};
		DA3A18D12DF76FF400C5590F /* Frameworks */ = {
			isa = PBXFrameworksBuildPhase;
			buildActionMask = 2147483647;
			files = (
			);
			runOnlyForDeploymentPostprocessing = 0;
		};
/* End PBXFrameworksBuildPhase section */

/* Begin PBXGroup section */
		DA3A18B32DF76FF200C5590F = {
			isa = PBXGroup;
			children = (
				DA90159F2E85D7D200504662 /* Localizable.xcstrings */,
				DA3A18BE2DF76FF200C5590F /* CardSafe */,
				DA3A18CD2DF76FF400C5590F /* CardSafeTests */,
				DA3A18D72DF76FF400C5590F /* CardSafeUITests */,
				DA3A18BD2DF76FF200C5590F /* Products */,
				DA2234332E09811A00C37435 /* AppIcon.icon */,
			);
			sourceTree = "<group>";
		};
		DA3A18BD2DF76FF200C5590F /* Products */ = {
			isa = PBXGroup;
			children = (
				DA3A18BC2DF76FF200C5590F /* CardSafe.app */,
				DA3A18CA2DF76FF400C5590F /* CardSafeTests.xctest */,
				DA3A18D42DF76FF400C5590F /* CardSafeUITests.xctest */,
			);
			name = Products;
			sourceTree = "<group>";
		};
/* End PBXGroup section */

/* Begin PBXNativeTarget section */
		DA3A18BB2DF76FF200C5590F /* CardSafe */ = {
			isa = PBXNativeTarget;
			buildConfigurationList = DA3A18DE2DF76FF400C5590F /* Build configuration list for PBXNativeTarget "CardSafe" */;
			buildPhases = (
				DA3A18B82DF76FF200C5590F /* Sources */,
				DA3A18B92DF76FF200C5590F /* Frameworks */,
				DA3A18BA2DF76FF200C5590F /* Resources */,
			);
			buildRules = (
			);
			dependencies = (
			);
			fileSystemSynchronizedGroups = (
				DA3A18BE2DF76FF200C5590F /* CardSafe */,
			);
			name = CardSafe;
			packageProductDependencies = (
				DA3A195E2DF77AB100C5590F /* KeychainManager */,
				DA1990B82EAD7F1700514450 /* KeychainManager */,
			);
			productName = CardSafe;
			productReference = DA3A18BC2DF76FF200C5590F /* CardSafe.app */;
			productType = "com.apple.product-type.application";
		};
		DA3A18C92DF76FF400C5590F /* CardSafeTests */ = {
			isa = PBXNativeTarget;
			buildConfigurationList = DA3A18E12DF76FF400C5590F /* Build configuration list for PBXNativeTarget "CardSafeTests" */;
			buildPhases = (
				DA3A18C62DF76FF400C5590F /* Sources */,
				DA3A18C72DF76FF400C5590F /* Frameworks */,
				DA3A18C82DF76FF400C5590F /* Resources */,
			);
			buildRules = (
			);
			dependencies = (
				DA3A18CC2DF76FF400C5590F /* PBXTargetDependency */,
			);
			fileSystemSynchronizedGroups = (
				DA3A18CD2DF76FF400C5590F /* CardSafeTests */,
			);
			name = CardSafeTests;
			packageProductDependencies = (
			);
			productName = CardSafeTests;
			productReference = DA3A18CA2DF76FF400C5590F /* CardSafeTests.xctest */;
			productType = "com.apple.product-type.bundle.unit-test";
		};
		DA3A18D32DF76FF400C5590F /* CardSafeUITests */ = {
			isa = PBXNativeTarget;
			buildConfigurationList = DA3A18E42DF76FF400C5590F /* Build configuration list for PBXNativeTarget "CardSafeUITests" */;
			buildPhases = (
				DA3A18D02DF76FF400C5590F /* Sources */,
				DA3A18D12DF76FF400C5590F /* Frameworks */,
				DA3A18D22DF76FF400C5590F /* Resources */,
			);
			buildRules = (
			);
			dependencies = (
				DA3A18D62DF76FF400C5590F /* PBXTargetDependency */,
			);
			fileSystemSynchronizedGroups = (
				DA3A18D72DF76FF400C5590F /* CardSafeUITests */,
			);
			name = CardSafeUITests;
			packageProductDependencies = (
			);
			productName = CardSafeUITests;
			productReference = DA3A18D42DF76FF400C5590F /* CardSafeUITests.xctest */;
			productType = "com.apple.product-type.bundle.ui-testing";
		};
/* End PBXNativeTarget section */

/* Begin PBXProject section */
		DA3A18B42DF76FF200C5590F /* Project object */ = {
			isa = PBXProject;
			attributes = {
				BuildIndependentTargetsInParallel = 1;
				LastSwiftUpdateCheck = 1640;
				LastUpgradeCheck = 1640;
				TargetAttributes = {
					DA3A18BB2DF76FF200C5590F = {
						CreatedOnToolsVersion = 16.4;
					};
					DA3A18C92DF76FF400C5590F = {
						CreatedOnToolsVersion = 16.4;
						TestTargetID = DA3A18BB2DF76FF200C5590F;
					};
					DA3A18D32DF76FF400C5590F = {
						CreatedOnToolsVersion = 16.4;
						TestTargetID = DA3A18BB2DF76FF200C5590F;
					};
				};
			};
			buildConfigurationList = DA3A18B72DF76FF200C5590F /* Build configuration list for PBXProject "CardSafe" */;
			developmentRegion = de;
			hasScannedForEncodings = 0;
			knownRegions = (
				en,
				Base,
				de,
			);
			mainGroup = DA3A18B32DF76FF200C5590F;
			minimizedProjectReferenceProxies = 1;
			packageReferences = (
				DA1990B72EAD7F1700514450 /* XCRemoteSwiftPackageReference "KeychainManager" */,
			);
			preferredProjectObjectVersion = 77;
			productRefGroup = DA3A18BD2DF76FF200C5590F /* Products */;
			projectDirPath = "";
			projectRoot = "";
			targets = (
				DA3A18BB2DF76FF200C5590F /* CardSafe */,
				DA3A18C92DF76FF400C5590F /* CardSafeTests */,
				DA3A18D32DF76FF400C5590F /* CardSafeUITests */,
			);
		};
/* End PBXProject section */

/* Begin PBXResourcesBuildPhase section */
		DA3A18BA2DF76FF200C5590F /* Resources */ = {
			isa = PBXResourcesBuildPhase;
			buildActionMask = 2147483647;
			files = (
				DA2234342E09811A00C37435 /* AppIcon.icon in Resources */,
				DA9015A02E85D7D200504662 /* Localizable.xcstrings in Resources */,
			);
			runOnlyForDeploymentPostprocessing = 0;
		};
		DA3A18C82DF76FF400C5590F /* Resources */ = {
			isa = PBXResourcesBuildPhase;
			buildActionMask = 2147483647;
			files = (
			);
			runOnlyForDeploymentPostprocessing = 0;
		};
		DA3A18D22DF76FF400C5590F /* Resources */ = {
			isa = PBXResourcesBuildPhase;
			buildActionMask = 2147483647;
			files = (
			);
			runOnlyForDeploymentPostprocessing = 0;
		};
/* End PBXResourcesBuildPhase section */

/* Begin PBXSourcesBuildPhase section */
		DA3A18B82DF76FF200C5590F /* Sources */ = {
			isa = PBXSourcesBuildPhase;
			buildActionMask = 2147483647;
			files = (
			);
			runOnlyForDeploymentPostprocessing = 0;
		};
		DA3A18C62DF76FF400C5590F /* Sources */ = {
			isa = PBXSourcesBuildPhase;
			buildActionMask = 2147483647;
			files = (
			);
			runOnlyForDeploymentPostprocessing = 0;
		};
		DA3A18D02DF76FF400C5590F /* Sources */ = {
			isa = PBXSourcesBuildPhase;
			buildActionMask = 2147483647;
			files = (
			);
			runOnlyForDeploymentPostprocessing = 0;
		};
/* End PBXSourcesBuildPhase section */

/* Begin PBXTargetDependency section */
		DA3A18CC2DF76FF400C5590F /* PBXTargetDependency */ = {
			isa = PBXTargetDependency;
			target = DA3A18BB2DF76FF200C5590F /* CardSafe */;
			targetProxy = DA3A18CB2DF76FF400C5590F /* PBXContainerItemProxy */;
		};
		DA3A18D62DF76FF400C5590F /* PBXTargetDependency */ = {
			isa = PBXTargetDependency;
			target = DA3A18BB2DF76FF200C5590F /* CardSafe */;
			targetProxy = DA3A18D52DF76FF400C5590F /* PBXContainerItemProxy */;
		};
/* End PBXTargetDependency section */

/* Begin XCBuildConfiguration section */
		DA3A18DC2DF76FF400C5590F /* Debug */ = {
			isa = XCBuildConfiguration;
			buildSettings = {
				ALWAYS_SEARCH_USER_PATHS = NO;
				ASSETCATALOG_COMPILER_GENERATE_SWIFT_ASSET_SYMBOL_EXTENSIONS = YES;
				CLANG_ANALYZER_NONNULL = YES;
				CLANG_ANALYZER_NUMBER_OBJECT_CONVERSION = YES_AGGRESSIVE;
				CLANG_CXX_LANGUAGE_STANDARD = "gnu++20";
				CLANG_ENABLE_MODULES = YES;
				CLANG_ENABLE_OBJC_ARC = YES;
				CLANG_ENABLE_OBJC_WEAK = YES;
				CLANG_WARN_BLOCK_CAPTURE_AUTORELEASING = YES;
				CLANG_WARN_BOOL_CONVERSION = YES;
				CLANG_WARN_COMMA = YES;
				CLANG_WARN_CONSTANT_CONVERSION = YES;
				CLANG_WARN_DEPRECATED_OBJC_IMPLEMENTATIONS = YES;
				CLANG_WARN_DIRECT_OBJC_ISA_USAGE = YES_ERROR;
				CLANG_WARN_DOCUMENTATION_COMMENTS = YES;
				CLANG_WARN_EMPTY_BODY = YES;
				CLANG_WARN_ENUM_CONVERSION = YES;
				CLANG_WARN_INFINITE_RECURSION = YES;
				CLANG_WARN_INT_CONVERSION = YES;
				CLANG_WARN_NON_LITERAL_NULL_CONVERSION = YES;
				CLANG_WARN_OBJC_IMPLICIT_RETAIN_SELF = YES;
				CLANG_WARN_OBJC_LITERAL_CONVERSION = YES;
				CLANG_WARN_OBJC_ROOT_CLASS = YES_ERROR;
				CLANG_WARN_QUOTED_INCLUDE_IN_FRAMEWORK_HEADER = YES;
				CLANG_WARN_RANGE_LOOP_ANALYSIS = YES;
				CLANG_WARN_STRICT_PROTOTYPES = YES;
				CLANG_WARN_SUSPICIOUS_MOVE = YES;
				CLANG_WARN_UNGUARDED_AVAILABILITY = YES_AGGRESSIVE;
				CLANG_WARN_UNREACHABLE_CODE = YES;
				CLANG_WARN__DUPLICATE_METHOD_MATCH = YES;
				COPY_PHASE_STRIP = NO;
				DEBUG_INFORMATION_FORMAT = dwarf;
				DEVELOPMENT_TEAM = 9F7J54XJAJ;
				ENABLE_STRICT_OBJC_MSGSEND = YES;
				ENABLE_TESTABILITY = YES;
				ENABLE_USER_SCRIPT_SANDBOXING = YES;
				GCC_C_LANGUAGE_STANDARD = gnu17;
				GCC_DYNAMIC_NO_PIC = NO;
				GCC_NO_COMMON_BLOCKS = YES;
				GCC_OPTIMIZATION_LEVEL = 0;
				GCC_PREPROCESSOR_DEFINITIONS = (
					"DEBUG=1",
					"$(inherited)",
				);
				GCC_WARN_64_TO_32_BIT_CONVERSION = YES;
				GCC_WARN_ABOUT_RETURN_TYPE = YES_ERROR;
				GCC_WARN_UNDECLARED_SELECTOR = YES;
				GCC_WARN_UNINITIALIZED_AUTOS = YES_AGGRESSIVE;
				GCC_WARN_UNUSED_FUNCTION = YES;
				GCC_WARN_UNUSED_VARIABLE = YES;
				LOCALIZATION_PREFERS_STRING_CATALOGS = YES;
				MTL_ENABLE_DEBUG_INFO = INCLUDE_SOURCE;
				MTL_FAST_MATH = YES;
				ONLY_ACTIVE_ARCH = YES;
				SWIFT_ACTIVE_COMPILATION_CONDITIONS = "DEBUG $(inherited)";
				SWIFT_EMIT_LOC_STRINGS = YES;
				SWIFT_OPTIMIZATION_LEVEL = "-Onone";
			};
			name = Debug;
		};
		DA3A18DD2DF76FF400C5590F /* Release */ = {
			isa = XCBuildConfiguration;
			buildSettings = {
				ALWAYS_SEARCH_USER_PATHS = NO;
				ASSETCATALOG_COMPILER_GENERATE_SWIFT_ASSET_SYMBOL_EXTENSIONS = YES;
				CLANG_ANALYZER_NONNULL = YES;
				CLANG_ANALYZER_NUMBER_OBJECT_CONVERSION = YES_AGGRESSIVE;
				CLANG_CXX_LANGUAGE_STANDARD = "gnu++20";
				CLANG_ENABLE_MODULES = YES;
				CLANG_ENABLE_OBJC_ARC = YES;
				CLANG_ENABLE_OBJC_WEAK = YES;
				CLANG_WARN_BLOCK_CAPTURE_AUTORELEASING = YES;
				CLANG_WARN_BOOL_CONVERSION = YES;
				CLANG_WARN_COMMA = YES;
				CLANG_WARN_CONSTANT_CONVERSION = YES;
				CLANG_WARN_DEPRECATED_OBJC_IMPLEMENTATIONS = YES;
				CLANG_WARN_DIRECT_OBJC_ISA_USAGE = YES_ERROR;
				CLANG_WARN_DOCUMENTATION_COMMENTS = YES;
				CLANG_WARN_EMPTY_BODY = YES;
				CLANG_WARN_ENUM_CONVERSION = YES;
				CLANG_WARN_INFINITE_RECURSION = YES;
				CLANG_WARN_INT_CONVERSION = YES;
				CLANG_WARN_NON_LITERAL_NULL_CONVERSION = YES;
				CLANG_WARN_OBJC_IMPLICIT_RETAIN_SELF = YES;
				CLANG_WARN_OBJC_LITERAL_CONVERSION = YES;
				CLANG_WARN_OBJC_ROOT_CLASS = YES_ERROR;
				CLANG_WARN_QUOTED_INCLUDE_IN_FRAMEWORK_HEADER = YES;
				CLANG_WARN_RANGE_LOOP_ANALYSIS = YES;
				CLANG_WARN_STRICT_PROTOTYPES = YES;
				CLANG_WARN_SUSPICIOUS_MOVE = YES;
				CLANG_WARN_UNGUARDED_AVAILABILITY = YES_AGGRESSIVE;
				CLANG_WARN_UNREACHABLE_CODE = YES;
				CLANG_WARN__DUPLICATE_METHOD_MATCH = YES;
				CODE_SIGN_IDENTITY = "Apple Distribution";
				CODE_SIGN_STYLE = Manual;
				COPY_PHASE_STRIP = NO;
				DEBUG_INFORMATION_FORMAT = "dwarf-with-dsym";
				DEVELOPMENT_TEAM = 9F7J54XJAJ;
				ENABLE_NS_ASSERTIONS = NO;
				ENABLE_STRICT_OBJC_MSGSEND = YES;
				ENABLE_USER_SCRIPT_SANDBOXING = YES;
				GCC_C_LANGUAGE_STANDARD = gnu17;
				GCC_NO_COMMON_BLOCKS = YES;
				GCC_OPTIMIZATION_LEVEL = 0;
				GCC_WARN_64_TO_32_BIT_CONVERSION = YES;
				GCC_WARN_ABOUT_RETURN_TYPE = YES_ERROR;
				GCC_WARN_UNDECLARED_SELECTOR = YES;
				GCC_WARN_UNINITIALIZED_AUTOS = YES_AGGRESSIVE;
				GCC_WARN_UNUSED_FUNCTION = YES;
				GCC_WARN_UNUSED_VARIABLE = YES;
				LOCALIZATION_PREFERS_STRING_CATALOGS = YES;
				MTL_ENABLE_DEBUG_INFO = NO;
				MTL_FAST_MATH = YES;
				PROVISIONING_PROFILE_SPECIFIER = "match AppStore de.petersen.nico.cardsafe";
				SWIFT_COMPILATION_MODE = wholemodule;
				SWIFT_EMIT_LOC_STRINGS = YES;
				SWIFT_OPTIMIZATION_LEVEL = "-Onone";
			};
			name = Release;
		};
		DA3A18DF2DF76FF400C5590F /* Debug */ = {
			isa = XCBuildConfiguration;
			buildSettings = {
				ASSETCATALOG_COMPILER_APPICON_NAME = AppIcon;
				ASSETCATALOG_COMPILER_GLOBAL_ACCENT_COLOR_NAME = AccentColor;
				ASSETCATALOG_COMPILER_INCLUDE_ALL_APPICON_ASSETS = NO;
				CODE_SIGN_ENTITLEMENTS = CardSafe/CardSafe.entitlements;
				CODE_SIGN_IDENTITY = "Apple Development";
				CODE_SIGN_STYLE = Automatic;
				CURRENT_PROJECT_VERSION = 1;
				DEVELOPMENT_TEAM = 9F7J54XJAJ;
				ENABLE_HARDENED_RUNTIME = YES;
				ENABLE_PREVIEWS = YES;
				GENERATE_INFOPLIST_FILE = YES;
				INFOPLIST_KEY_ITSAppUsesNonExemptEncryption = NO;
				INFOPLIST_KEY_NSFaceIDUsageDescription = "Face ID can be used to unlock sensitive data like the PIN or CVV";
				"INFOPLIST_KEY_UIApplicationSceneManifest_Generation[sdk=iphoneos*]" = YES;
				"INFOPLIST_KEY_UIApplicationSceneManifest_Generation[sdk=iphonesimulator*]" = YES;
				"INFOPLIST_KEY_UIApplicationSupportsIndirectInputEvents[sdk=iphoneos*]" = YES;
				"INFOPLIST_KEY_UIApplicationSupportsIndirectInputEvents[sdk=iphonesimulator*]" = YES;
				"INFOPLIST_KEY_UILaunchScreen_Generation[sdk=iphoneos*]" = YES;
				"INFOPLIST_KEY_UILaunchScreen_Generation[sdk=iphonesimulator*]" = YES;
				"INFOPLIST_KEY_UIStatusBarStyle[sdk=iphoneos*]" = UIStatusBarStyleDefault;
				"INFOPLIST_KEY_UIStatusBarStyle[sdk=iphonesimulator*]" = UIStatusBarStyleDefault;
				INFOPLIST_KEY_UISupportedInterfaceOrientations_iPad = "UIInterfaceOrientationPortrait UIInterfaceOrientationPortraitUpsideDown UIInterfaceOrientationLandscapeLeft UIInterfaceOrientationLandscapeRight";
				INFOPLIST_KEY_UISupportedInterfaceOrientations_iPhone = "UIInterfaceOrientationPortrait UIInterfaceOrientationLandscapeLeft UIInterfaceOrientationLandscapeRight";
				IPHONEOS_DEPLOYMENT_TARGET = 18.5;
				LD_RUNPATH_SEARCH_PATHS = "@executable_path/Frameworks";
				"LD_RUNPATH_SEARCH_PATHS[sdk=macosx*]" = "@executable_path/../Frameworks";
				MACOSX_DEPLOYMENT_TARGET = 15.3;
				MARKETING_VERSION = 0.1.0;
				PRODUCT_BUNDLE_IDENTIFIER = de.petersen.nico.cardsafe;
				PRODUCT_NAME = "$(TARGET_NAME)";
				PROVISIONING_PROFILE_SPECIFIER = "";
				REGISTER_APP_GROUPS = YES;
				SDKROOT = auto;
				SUPPORTED_PLATFORMS = "iphoneos iphonesimulator";
				SUPPORTS_MACCATALYST = NO;
				SWIFT_EMIT_LOC_STRINGS = YES;
				SWIFT_VERSION = 5.0;
				TARGETED_DEVICE_FAMILY = "1,2";
				XROS_DEPLOYMENT_TARGET = 2.5;
			};
			name = Debug;
		};
		DA3A18E02DF76FF400C5590F /* Release */ = {
			isa = XCBuildConfiguration;
			buildSettings = {
				ASSETCATALOG_COMPILER_APPICON_NAME = AppIcon;
				ASSETCATALOG_COMPILER_GLOBAL_ACCENT_COLOR_NAME = AccentColor;
				ASSETCATALOG_COMPILER_INCLUDE_ALL_APPICON_ASSETS = NO;
				CODE_SIGN_ENTITLEMENTS = CardSafe/CardSafe.entitlements;
				"CODE_SIGN_IDENTITY[sdk=iphoneos*]" = "iPhone Distribution";
				CODE_SIGN_STYLE = Manual;
				CURRENT_PROJECT_VERSION = 1;
				DEVELOPMENT_TEAM = 9F7J54XJAJ;
				"DEVELOPMENT_TEAM[sdk=iphoneos*]" = 9F7J54XJAJ;
				"DEVELOPMENT_TEAM[sdk=macosx*]" = 9F7J54XJAJ;
				ENABLE_HARDENED_RUNTIME = YES;
				ENABLE_PREVIEWS = YES;
				GENERATE_INFOPLIST_FILE = YES;
				INFOPLIST_KEY_ITSAppUsesNonExemptEncryption = NO;
				INFOPLIST_KEY_NSFaceIDUsageDescription = "Face ID can be used to unlock sensitive data like the PIN or CVV";
				"INFOPLIST_KEY_UIApplicationSceneManifest_Generation[sdk=iphoneos*]" = YES;
				"INFOPLIST_KEY_UIApplicationSceneManifest_Generation[sdk=iphonesimulator*]" = YES;
				"INFOPLIST_KEY_UIApplicationSupportsIndirectInputEvents[sdk=iphoneos*]" = YES;
				"INFOPLIST_KEY_UIApplicationSupportsIndirectInputEvents[sdk=iphonesimulator*]" = YES;
				"INFOPLIST_KEY_UILaunchScreen_Generation[sdk=iphoneos*]" = YES;
				"INFOPLIST_KEY_UILaunchScreen_Generation[sdk=iphonesimulator*]" = YES;
				"INFOPLIST_KEY_UIStatusBarStyle[sdk=iphoneos*]" = UIStatusBarStyleDefault;
				"INFOPLIST_KEY_UIStatusBarStyle[sdk=iphonesimulator*]" = UIStatusBarStyleDefault;
				INFOPLIST_KEY_UISupportedInterfaceOrientations_iPad = "UIInterfaceOrientationPortrait UIInterfaceOrientationPortraitUpsideDown UIInterfaceOrientationLandscapeLeft UIInterfaceOrientationLandscapeRight";
				INFOPLIST_KEY_UISupportedInterfaceOrientations_iPhone = "UIInterfaceOrientationPortrait UIInterfaceOrientationLandscapeLeft UIInterfaceOrientationLandscapeRight";
				IPHONEOS_DEPLOYMENT_TARGET = 18.5;
				LD_RUNPATH_SEARCH_PATHS = "@executable_path/Frameworks";
				"LD_RUNPATH_SEARCH_PATHS[sdk=macosx*]" = "@executable_path/../Frameworks";
				MACOSX_DEPLOYMENT_TARGET = 15.3;
				MARKETING_VERSION = 0.1.0;
				PRODUCT_BUNDLE_IDENTIFIER = de.petersen.nico.cardsafe;
				PRODUCT_NAME = "$(TARGET_NAME)";
				PROVISIONING_PROFILE_SPECIFIER = "match AppStore de.petersen.nico.cardsafe";
				"PROVISIONING_PROFILE_SPECIFIER[sdk=iphoneos*]" = "match AppStore de.petersen.nico.cardsafe";
				REGISTER_APP_GROUPS = YES;
				SDKROOT = auto;
				SUPPORTED_PLATFORMS = "iphoneos iphonesimulator";
				SUPPORTS_MACCATALYST = NO;
				SWIFT_EMIT_LOC_STRINGS = YES;
				SWIFT_VERSION = 5.0;
				TARGETED_DEVICE_FAMILY = "1,2";
				XROS_DEPLOYMENT_TARGET = 2.5;
			};
			name = Release;
		};
		DA3A18E22DF76FF400C5590F /* Debug */ = {
			isa = XCBuildConfiguration;
			buildSettings = {
				BUNDLE_LOADER = "$(TEST_HOST)";
				CODE_SIGN_STYLE = Automatic;
				CURRENT_PROJECT_VERSION = 1;
				DEVELOPMENT_TEAM = 9F7J54XJAJ;
				GENERATE_INFOPLIST_FILE = YES;
				IPHONEOS_DEPLOYMENT_TARGET = 18.5;
				MACOSX_DEPLOYMENT_TARGET = 15.3;
				MARKETING_VERSION = 1.0;
				PRODUCT_BUNDLE_IDENTIFIER = de.petersen.nico.CardSafeTests;
				PRODUCT_NAME = "$(TARGET_NAME)";
				SDKROOT = auto;
				SUPPORTED_PLATFORMS = "iphoneos iphonesimulator macosx xros xrsimulator";
				SWIFT_EMIT_LOC_STRINGS = NO;
				SWIFT_VERSION = 5.0;
				TARGETED_DEVICE_FAMILY = "1,2,7";
				TEST_HOST = "$(BUILT_PRODUCTS_DIR)/CardSafe.app/$(BUNDLE_EXECUTABLE_FOLDER_PATH)/CardSafe";
				XROS_DEPLOYMENT_TARGET = 2.5;
			};
			name = Debug;
		};
		DA3A18E32DF76FF400C5590F /* Release */ = {
			isa = XCBuildConfiguration;
			buildSettings = {
				BUNDLE_LOADER = "$(TEST_HOST)";
				CODE_SIGN_STYLE = Automatic;
				CURRENT_PROJECT_VERSION = 1;
				DEVELOPMENT_TEAM = 9F7J54XJAJ;
				GENERATE_INFOPLIST_FILE = YES;
				IPHONEOS_DEPLOYMENT_TARGET = 18.5;
				MACOSX_DEPLOYMENT_TARGET = 15.3;
				MARKETING_VERSION = 1.0;
				PRODUCT_BUNDLE_IDENTIFIER = de.petersen.nico.CardSafeTests;
				PRODUCT_NAME = "$(TARGET_NAME)";
				SDKROOT = auto;
				SUPPORTED_PLATFORMS = "iphoneos iphonesimulator macosx xros xrsimulator";
				SWIFT_EMIT_LOC_STRINGS = NO;
				SWIFT_VERSION = 5.0;
				TARGETED_DEVICE_FAMILY = "1,2,7";
				TEST_HOST = "$(BUILT_PRODUCTS_DIR)/CardSafe.app/$(BUNDLE_EXECUTABLE_FOLDER_PATH)/CardSafe";
				XROS_DEPLOYMENT_TARGET = 2.5;
			};
			name = Release;
		};
		DA3A18E52DF76FF400C5590F /* Debug */ = {
			isa = XCBuildConfiguration;
			buildSettings = {
				CODE_SIGN_STYLE = Automatic;
				CURRENT_PROJECT_VERSION = 1;
				DEVELOPMENT_TEAM = 9F7J54XJAJ;
				GENERATE_INFOPLIST_FILE = YES;
				IPHONEOS_DEPLOYMENT_TARGET = 18.5;
				MACOSX_DEPLOYMENT_TARGET = 15.3;
				MARKETING_VERSION = 1.0;
				PRODUCT_BUNDLE_IDENTIFIER = de.petersen.nico.CardSafeUITests;
				PRODUCT_NAME = "$(TARGET_NAME)";
				SDKROOT = auto;
				SUPPORTED_PLATFORMS = "iphoneos iphonesimulator macosx xros xrsimulator";
				SWIFT_EMIT_LOC_STRINGS = NO;
				SWIFT_VERSION = 5.0;
				TARGETED_DEVICE_FAMILY = "1,2,7";
				TEST_TARGET_NAME = CardSafe;
				XROS_DEPLOYMENT_TARGET = 2.5;
			};
			name = Debug;
		};
		DA3A18E62DF76FF400C5590F /* Release */ = {
			isa = XCBuildConfiguration;
			buildSettings = {
				CODE_SIGN_STYLE = Automatic;
				CURRENT_PROJECT_VERSION = 1;
				DEVELOPMENT_TEAM = 9F7J54XJAJ;
				GENERATE_INFOPLIST_FILE = YES;
				IPHONEOS_DEPLOYMENT_TARGET = 18.5;
				MACOSX_DEPLOYMENT_TARGET = 15.3;
				MARKETING_VERSION = 1.0;
				PRODUCT_BUNDLE_IDENTIFIER = de.petersen.nico.CardSafeUITests;
				PRODUCT_NAME = "$(TARGET_NAME)";
				SDKROOT = auto;
				SUPPORTED_PLATFORMS = "iphoneos iphonesimulator macosx xros xrsimulator";
				SWIFT_EMIT_LOC_STRINGS = NO;
				SWIFT_VERSION = 5.0;
				TARGETED_DEVICE_FAMILY = "1,2,7";
				TEST_TARGET_NAME = CardSafe;
				XROS_DEPLOYMENT_TARGET = 2.5;
			};
			name = Release;
		};
/* End XCBuildConfiguration section */

/* Begin XCConfigurationList section */
		DA3A18B72DF76FF200C5590F /* Build configuration list for PBXProject "CardSafe" */ = {
			isa = XCConfigurationList;
			buildConfigurations = (
				DA3A18DC2DF76FF400C5590F /* Debug */,
				DA3A18DD2DF76FF400C5590F /* Release */,
			);
			defaultConfigurationIsVisible = 0;
			defaultConfigurationName = Release;
		};
		DA3A18DE2DF76FF400C5590F /* Build configuration list for PBXNativeTarget "CardSafe" */ = {
			isa = XCConfigurationList;
			buildConfigurations = (
				DA3A18DF2DF76FF400C5590F /* Debug */,
				DA3A18E02DF76FF400C5590F /* Release */,
			);
			defaultConfigurationIsVisible = 0;
			defaultConfigurationName = Release;
		};
		DA3A18E12DF76FF400C5590F /* Build configuration list for PBXNativeTarget "CardSafeTests" */ = {
			isa = XCConfigurationList;
			buildConfigurations = (
				DA3A18E22DF76FF400C5590F /* Debug */,
				DA3A18E32DF76FF400C5590F /* Release */,
			);
			defaultConfigurationIsVisible = 0;
			defaultConfigurationName = Release;
		};
		DA3A18E42DF76FF400C5590F /* Build configuration list for PBXNativeTarget "CardSafeUITests" */ = {
			isa = XCConfigurationList;
			buildConfigurations = (
				DA3A18E52DF76FF400C5590F /* Debug */,
				DA3A18E62DF76FF400C5590F /* Release */,
			);
			defaultConfigurationIsVisible = 0;
			defaultConfigurationName = Release;
		};
/* End XCConfigurationList section */

/* Begin XCRemoteSwiftPackageReference section */
		DA1990B72EAD7F1700514450 /* XCRemoteSwiftPackageReference "KeychainManager" */ = {
			isa = XCRemoteSwiftPackageReference;
			repositoryURL = "https://github.com/nicop2000/KeychainManager.git";
			requirement = {
				kind = upToNextMajorVersion;
				minimumVersion = 3.0.1;
			};
		};
/* End XCRemoteSwiftPackageReference section */

/* Begin XCSwiftPackageProductDependency section */
		DA1990B82EAD7F1700514450 /* KeychainManager */ = {
			isa = XCSwiftPackageProductDependency;
			package = DA1990B72EAD7F1700514450 /* XCRemoteSwiftPackageReference "KeychainManager" */;
			productName = KeychainManager;
		};
		DA3A195E2DF77AB100C5590F /* KeychainManager */ = {
			isa = XCSwiftPackageProductDependency;
			productName = KeychainManager;
		};
/* End XCSwiftPackageProductDependency section */
	};
	rootObject = DA3A18B42DF76FF200C5590F /* Project object */;
}
